
Microsoft Visual Studio Solution File, Format Version 12.00
# Visual Studio Version 16
VisualStudioVersion = 16.0.31515.178
MinimumVisualStudioVersion = 10.0.40219.1
Project("{FAE04EC0-301F-11D3-BF4B-00C04F79EFBC}") = "ShoppingCartWebApp", "ShoppingCartWebApp.csproj", "{586028A9-FE08-4B60-B4A8-E2356223E8CB}"
EndProject
Global
	GlobalSection(SolutionConfigurationPlatforms) = preSolution
		Debug|Any CPU = Debug|Any CPU
		Release|Any CPU = Release|Any CPU
	EndGlobalSection
	GlobalSection(ProjectConfigurationPlatforms) = postSolution
		{586028A9-FE08-4B60-B4A8-E2356223E8CB}.Debug|Any CPU.ActiveCfg = Debug|Any CPU
		{586028A9-FE08-4B60-B4A8-E2356223E8CB}.Debug|Any CPU.Build.0 = Debug|Any CPU
		{586028A9-FE08-4B60-B4A8-E2356223E8CB}.Release|Any CPU.ActiveCfg = Release|Any CPU
		{586028A9-FE08-4B60-B4A8-E2356223E8CB}.Release|Any CPU.Build.0 = Release|Any CPU
	EndGlobalSection
	GlobalSection(SolutionProperties) = preSolution
		HideSolutionNode = FALSE
	EndGlobalSection
	GlobalSection(ExtensibilityGlobals) = postSolution
		SolutionGuid = {F6B67B5D-D3A1-401B-86AE-63DF6D332DD5}
	EndGlobalSection
EndGlobal
